
Microsoft Visual Studio Solution File, Format Version 12.00
# Visual Studio Version 17
VisualStudioVersion = 17.14.37411.7 d17.14
MinimumVisualStudioVersion = 10.0.40219.1
Project("{FAE04EC0-301F-11D3-BF4B-00C04F79EFBC}") = "DataAccess", "DataAccess\DataAccess.csproj", "{E63A1580-E1AA-4647-BEBC-8D83C37B0195}"
EndProject
Project("{FAE04EC0-301F-11D3-BF4B-00C04F79EFBC}") = "Business", "Business\Business.csproj", "{95CF4C6A-8DA6-464B-AB4E-79B475D2FD20}"
EndProject
Project("{FAE04EC0-301F-11D3-BF4B-00C04F79EFBC}") = "Entities", "Entities\Entities.csproj", "{5CA5AC78-2535-4EA2-A86F-004157E1A521}"
EndProject
Project("{FAE04EC0-301F-11D3-BF4B-00C04F79EFBC}") = "ConsoleUI", "ConsoleUI\ConsoleUI.csproj", "{26FC9B8C-77FE-45BE-BF57-7D9247054708}"
EndProject
Global
	GlobalSection(SolutionConfigurationPlatforms) = preSolution
		Debug|Any CPU = Debug|Any CPU
		Release|Any CPU = Release|Any CPU
	EndGlobalSection
	GlobalSection(ProjectConfigurationPlatforms) = postSolution
		{E63A1580-E1AA-4647-BEBC-8D83C37B0195}.Debug|Any CPU.ActiveCfg = Debug|Any CPU
		{E63A1580-E1AA-4647-BEBC-8D83C37B0195}.Debug|Any CPU.Build.0 = Debug|Any CPU
		{E63A1580-E1AA-4647-BEBC-8D83C37B0195}.Release|Any CPU.ActiveCfg = Release|Any CPU
		{E63A1580-E1AA-4647-BEBC-8D83C37B0195}.Release|Any CPU.Build.0 = Release|Any CPU
		{95CF4C6A-8DA6-464B-AB4E-79B475D2FD20}.Debug|Any CPU.ActiveCfg = Debug|Any CPU
		{95CF4C6A-8DA6-464B-AB4E-79B475D2FD20}.Debug|Any CPU.Build.0 = Debug|Any CPU
		{95CF4C6A-8DA6-464B-AB4E-79B475D2FD20}.Release|Any CPU.ActiveCfg = Release|Any CPU
		{95CF4C6A-8DA6-464B-AB4E-79B475D2FD20}.Release|Any CPU.Build.0 = Release|Any CPU
		{5CA5AC78-2535-4EA2-A86F-004157E1A521}.Debug|Any CPU.ActiveCfg = Debug|Any CPU
		{5CA5AC78-2535-4EA2-A86F-004157E1A521}.Debug|Any CPU.Build.0 = Debug|Any CPU
		{5CA5AC78-2535-4EA2-A86F-004157E1A521}.Release|Any CPU.ActiveCfg = Release|Any CPU
		{5CA5AC78-2535-4EA2-A86F-004157E1A521}.Release|Any CPU.Build.0 = Release|Any CPU
		{26FC9B8C-77FE-45BE-BF57-7D9247054708}.Debug|Any CPU.ActiveCfg = Debug|Any CPU
		{26FC9B8C-77FE-45BE-BF57-7D9247054708}.Debug|Any CPU.Build.0 = Debug|Any CPU
		{26FC9B8C-77FE-45BE-BF57-7D9247054708}.Release|Any CPU.ActiveCfg = Release|Any CPU
		{26FC9B8C-77FE-45BE-BF57-7D9247054708}.Release|Any CPU.Build.0 = Release|Any CPU
	EndGlobalSection
	GlobalSection(SolutionProperties) = preSolution
		HideSolutionNode = FALSE
	EndGlobalSection
	GlobalSection(ExtensibilityGlobals) = postSolution
		SolutionGuid = {8A6C024D-62CB-40AC-AFD7-1DC5E0928A7F}
	EndGlobalSection
EndGlobal
